Microsoft Visual Studio Solution File, Format Version 12.00
# Visual Studio Version 17
VisualStudioVersion = 17.5.2.0
MinimumVisualStudioVersion = 10.0.40219.1
Project("{2150E333-8FDC-42A3-9474-1A3956D46DE8}") = "src", "src", "{827E0CD3-B72D-47B6-A68D-7590B98EB39B}"
EndProject
Project("{FAE04EC0-301F-11D3-BF4B-00C04F79EFBC}") = "ModernWebGoat", "src\ModernWebGoat\ModernWebGoat.csproj", "{91B99260-32D0-3202-DF24-14A44FD59A01}"
EndProject
Global
	GlobalSection(SolutionConfigurationPlatforms) = preSolution
		Debug|Any CPU = Debug|Any CPU
		Release|Any CPU = Release|Any CPU
	EndGlobalSection
	GlobalSection(ProjectConfigurationPlatforms) = postSolution
		{91B99260-32D0-3202-DF24-14A44FD59A01}.Debug|Any CPU.ActiveCfg = Debug|Any CPU
		{91B99260-32D0-3202-DF24-14A44FD59A01}.Debug|Any CPU.Build.0 = Debug|Any CPU
		{91B99260-32D0-3202-DF24-14A44FD59A01}.Release|Any CPU.ActiveCfg = Release|Any CPU
		{91B99260-32D0-3202-DF24-14A44FD59A01}.Release|Any CPU.Build.0 = Release|Any CPU
	EndGlobalSection
	GlobalSection(SolutionProperties) = preSolution
		HideSolutionNode = FALSE
	EndGlobalSection
	GlobalSection(NestedProjects) = preSolution
		{91B99260-32D0-3202-DF24-14A44FD59A01} = {827E0CD3-B72D-47B6-A68D-7590B98EB39B}
	EndGlobalSection
	GlobalSection(ExtensibilityGlobals) = postSolution
		SolutionGuid = {CCEDE8B1-B5F7-41CE-8050-EFADC201E9E7}
	EndGlobalSection
EndGlobal
